// !$*UTF8*$!
{
	archiveVersion = 1;
	classes = {
	};
	objectVersion = 46;
	objects = {

/* Begin PBXBuildFile section */
		4DDFC3ED1E4CFAE400EE36DA /* AppDelegate.swift in Sources */ = {isa = PBXBuildFile; fileRef = 4DDFC3EC1E4CFAE400EE36DA /* AppDelegate.swift */; };
		4DDFC3EF1E4CFAE400EE36DA /* ViewController.swift in Sources */ = {isa = PBXBuildFile; fileRef = 4DDFC3EE1E4CFAE400EE36DA /* ViewController.swift */; };
		4DDFC3F21E4CFAE400EE36DA /* Main.storyboard in Resources */ = {isa = PBXBuildFile; fileRef = 4DDFC3F01E4CFAE400EE36DA /* Main.storyboard */; };
		4DDFC3F41E4CFAE400EE36DA /* Assets.xcassets in Resources */ = {isa = PBXBuildFile; fileRef = 4DDFC3F31E4CFAE400EE36DA /* Assets.xcassets */; };
		4DDFC3F71E4CFAE400EE36DA /* LaunchScreen.storyboard in Resources */ = {isa = PBXBuildFile; fileRef = 4DDFC3F51E4CFAE400EE36DA /* LaunchScreen.storyboard */; };
/* End PBXBuildFile section */

/* Begin PBXFileReference section */
		4DDFC3E91E4CFAE400EE36DA /* GitHubTest.app */ = {isa = PBXFileReference; explicitFileType = wrapper.application; includeInIndex = 0; path = GitHubTest.app; sourceTree = BUILT_PRODUCTS_DIR; };
		4DDFC3EC1E4CFAE400EE36DA /* AppDelegate.swift */ = {isa = PBXFileReference; lastKnownFileType = sourcecode.swift; path = AppDelegate.swift; sourceTree = "<group>"; };
		4DDFC3EE1E4CFAE400EE36DA /* ViewController.swift */ = {isa = PBXFileReference; lastKnownFileType = sourcecode.swift; path = ViewController.swift; sourceTree = "<group>"; };
		4DDFC3F11E4CFAE400EE36DA /* Base */ = {isa = PBXFileReference; lastKnownFileType = file.storyboard; name = Base; path = Base.lproj/Main.storyboard; sourceTree = "<group>"; };
		4DDFC3F31E4CFAE400EE36DA /* Assets.xcassets */ = {isa = PBXFileReference; lastKnownFileType = folder.assetcatalog; path = Assets.xcassets; sourceTree = "<group>"; };
		4DDFC3F61E4CFAE400EE36DA /* Base */ = {isa = PBXFileReference; lastKnownFileType = file.storyboard; name = Base; path = Base.lproj/LaunchScreen.storyboard; sourceTree = "<group>"; };
		4DDFC3F81E4CFAE400EE36DA /* Info.plist */ = {isa = PBXFileReference; lastKnownFileType = text.plist.xml; path = Info.plist; sourceTree = "<group>"; };
/* End PBXFileReference section */

/* Begin PBXFrameworksBuildPhase section */
		4DDFC3E61E4CFAE400EE36DA /* Frameworks */ = {
			isa = PBXFrameworksBuildPhase;
			buildActionMask = 2147483647;
			files = (
			);
			runOnlyForDeploymentPostprocessing = 0;
		};
/* End PBXFrameworksBuildPhase section */

/* Begin PBXGroup section */
		4DDFC3E01E4CFAE400EE36DA = {
			isa = PBXGroup;
			children = (
				4DDFC3EB1E4CFAE400EE36DA /* GitHubTest */,
				4DDFC3EA1E4CFAE400EE36DA /* Products */,
			);
			sourceTree = "<group>";
		};
		4DDFC3EA1E4CFAE400EE36DA /* Products */ = {
			isa = PBXGroup;
			children = (
				4DDFC3E91E4CFAE400EE36DA /* GitHubTest.app */,
			);
			name = Products;
			sourceTree = "<group>";
		};
		4DDFC3EB1E4CFAE400EE36DA /* GitHubTest */ = {
			isa = PBXGroup;
			children = (
				4DDFC3EC1E4CFAE400EE36DA /* AppDelegate.swift */,
				4DDFC3EE1E4CFAE400EE36DA /* ViewController.swift */,
				4DDFC3F01E4CFAE400EE36DA /* Main.storyboard */,
				4DDFC3F31E4CFAE400EE36DA /* Assets.xcassets */,
				4DDFC3F51E4CFAE400EE36DA /* LaunchScreen.storyboard */,
				4DDFC3F81E4CFAE400EE36DA /* Info.plist */,
			);
			path = GitHubTest;
			sourceTree = "<group>";
		};
/* End PBXGroup section */

/* Begin PBXNativeTarget section */
		4DDFC3E81E4CFAE400EE36DA /* GitHubTest */ = {
			isa = PBXNativeTarget;
			buildConfigurationList = 4DDFC3FB1E4CFAE400EE36DA /* Build configuration list for PBXNativeTarget "GitHubTest" */;
			buildPhases = (
				4DDFC3E51E4CFAE400EE36DA /* Sources */,
				4DDFC3E61E4CFAE400EE36DA /* Frameworks */,
				4DDFC3E71E4CFAE400EE36DA /* Resources */,
			);
			buildRules = (
			);
			dependencies = (
			);
			name = GitHubTest;
			productName = GitHubTest;
			productReference = 4DDFC3E91E4CFAE400EE36DA /* GitHubTest.app */;
			productType = "com.apple.product-type.application";
		};
/* End PBXNativeTarget section */

/* Begin PBXProject section */
		4DDFC3E11E4CFAE400EE36DA /* Project object */ = {
			isa = PBXProject;
			attributes = {
				LastSwiftUpdateCheck = 0820;
				LastUpgradeCheck = 0820;
				ORGANIZATIONNAME = com.Deopurkar;
				TargetAttributes = {
					4DDFC3E81E4CFAE400EE36DA = {
						CreatedOnToolsVersion = 8.2.1;
						ProvisioningStyle = Automatic;
					};
				};
			};
			buildConfigurationList = 4DDFC3E41E4CFAE400EE36DA /* Build configuration list for PBXProject "GitHubTest" */;
			compatibilityVersion = "Xcode 3.2";
			developmentRegion = English;
			hasScannedForEncodings = 0;
			knownRegions = (
				en,
				Base,
			);
			mainGroup = 4DDFC3E01E4CFAE400EE36DA;
			productRefGroup = 4DDFC3EA1E4CFAE400EE36DA /* Products */;
			projectDirPath = "";
			projectRoot = "";
			targets = (
				4DDFC3E81E4CFAE400EE36DA /* GitHubTest */,
			);
		};
/* End PBXProject section */

/* Begin PBXResourcesBuildPhase section */
		4DDFC3E71E4CFAE400EE36DA /* Resources */ = {
			isa = PBXResourcesBuildPhase;
			buildActionMask = 2147483647;
			files = (
				4DDFC3F71E4CFAE400EE36DA /* LaunchScreen.storyboard in Resources */,
				4DDFC3F41E4CFAE400EE36DA /* Assets.xcassets in Resources */,
				4DDFC3F21E4CFAE400EE36DA /* Main.storyboard in Resources */,
			);
			runOnlyForDeploymentPostprocessing = 0;
		};
/* End PBXResourcesBuildPhase section */

/* Begin PBXSourcesBuildPhase section */
		4DDFC3E51E4CFAE400EE36DA /* Sources */ = {
			isa = PBXSourcesBuildPhase;
			buildActionMask = 2147483647;
			files = (
				4DDFC3EF1E4CFAE400EE36DA /* ViewController.swift in Sources */,
				4DDFC3ED1E4CFAE400EE36DA /* AppDelegate.swift in Sources */,
			);
			runOnlyForDeploymentPostprocessing = 0;
		};
/* End PBXSourcesBuildPhase section */

/* Begin PBXVariantGroup section */
		4DDFC3F01E4CFAE400EE36DA /* Main.storyboard */ = {
			isa = PBXVariantGroup;
			children = (
				4DDFC3F11E4CFAE400EE36DA /* Base */,
			);
			name = Main.storyboard;
			sourceTree = "<group>";
		};
		4DDFC3F51E4CFAE400EE36DA /* LaunchScreen.storyboard */ = {
			isa = PBXVariantGroup;
			children = (
				4DDFC3F61E4CFAE400EE36DA /* Base */,
			);
			name = LaunchScreen.storyboard;
			sourceTree = "<group>";
		};
/* End PBXVariantGroup section */

/* Begin XCBuildConfiguration section */
		4DDFC3F91E4CFAE400EE36DA /* Debug */ = {
			isa = XCBuildConfiguration;
			buildSettings = {
				ALWAYS_SEARCH_USER_PATHS = NO;
				CLANG_ANALYZER_NONNULL = YES;
				CLANG_CXX_LANGUAGE_STANDARD = "gnu++0x";
				CLANG_CXX_LIBRARY = "libc++";
				CLANG_ENABLE_MODULES = YES;
				CLANG_ENABLE_OBJC_ARC = YES;
				CLANG_WARN_BOOL_CONVERSION = YES;
				CLANG_WARN_CONSTANT_CONVERSION = YES;
				CLANG_WARN_DIRECT_OBJC_ISA_USAGE = YES_ERROR;
				CLANG_WARN_DOCUMENTATION_COMMENTS = YES;
				CLANG_WARN_EMPTY_BODY = YES;
				CLANG_WARN_ENUM_CONVERSION = YES;
				CLANG_WARN_INFINITE_RECURSION = YES;
				CLANG_WARN_INT_CONVERSION = YES;
				CLANG_WARN_OBJC_ROOT_CLASS = YES_ERROR;
				CLANG_WARN_SUSPICIOUS_MOVE = YES;
				CLANG_WARN_UNREACHABLE_CODE = YES;
				CLANG_WARN__DUPLICATE_METHOD_MATCH = YES;
				"CODE_SIGN_IDENTITY[sdk=iphoneos*]" = "iPhone Developer";
				COPY_PHASE_STRIP = NO;
				DEBUG_INFORMATION_FORMAT = dwarf;
				ENABLE_STRICT_OBJC_MSGSEND = YES;
				ENABLE_TESTABILITY = YES;
				GCC_C_LANGUAGE_STANDARD = gnu99;
				GCC_DYNAMIC_NO_PIC = NO;
				GCC_NO_COMMON_BLOCKS = YES;
				GCC_OPTIMIZATION_LEVEL = 0;
				GCC_PREPROCESSOR_DEFINITIONS = (
					"DEBUG=1",
					"$(inherited)",
				);
				GCC_WARN_64_TO_32_BIT_CONVERSION = YES;
				GCC_WARN_ABOUT_RETURN_TYPE = YES_ERROR;
				GCC_WARN_UNDECLARED_SELECTOR = YES;
				GCC_WARN_UNINITIALIZED_AUTOS = YES_AGGRESSIVE;
				GCC_WARN_UNUSED_FUNCTION = YES;
				GCC_WARN_UNUSED_VARIABLE = YES;
				IPHONEOS_DEPLOYMENT_TARGET = 10.2;
				MTL_ENABLE_DEBUG_INFO = YES;
				ONLY_ACTIVE_ARCH = YES;
				SDKROOT = iphoneos;
				SWIFT_ACTIVE_COMPILATION_CONDITIONS = DEBUG;
				SWIFT_OPTIMIZATION_LEVEL = "-Onone";
				TARGETED_DEVICE_FAMILY = "1,2";
			};
			name = Debug;
		};
		4DDFC3FA1E4CFAE400EE36DA /* Release */ = {
			isa = XCBuildConfiguration;
			buildSettings = {
				ALWAYS_SEARCH_USER_PATHS = NO;
				CLANG_ANALYZER_NONNULL = YES;
				CLANG_CXX_LANGUAGE_STANDARD = "gnu++0x";
				CLANG_CXX_LIBRARY = "libc++";
				CLANG_ENABLE_MODULES = YES;
				CLANG_ENABLE_OBJC_ARC = YES;
				CLANG_WARN_BOOL_CONVERSION = YES;
				CLANG_WARN_CONSTANT_CONVERSION = YES;
				CLANG_WARN_DIRECT_OBJC_ISA_USAGE = YES_ERROR;
				CLANG_WARN_DOCUMENTATION_COMMENTS = YES;
				CLANG_WARN_EMPTY_BODY = YES;
				CLANG_WARN_ENUM_CONVERSION = YES;
				CLANG_WARN_INFINITE_RECURSION = YES;
				CLANG_WARN_INT_CONVERSION = YES;
				CLANG_WARN_OBJC_ROOT_CLASS = YES_ERROR;
				CLANG_WARN_SUSPICIOUS_MOVE = YES;
				CLANG_WARN_UNREACHABLE_CODE = YES;
				CLANG_WARN__DUPLICATE_METHOD_MATCH = YES;
				"CODE_SIGN_IDENTITY[sdk=iphoneos*]" = "iPhone Developer";
				COPY_PHASE_STRIP = NO;
				DEBUG_INFORMATION_FORMAT = "dwarf-with-dsym";
				ENABLE_NS_ASSERTIONS = NO;
				ENABLE_STRICT_OBJC_MSGSEND = YES;
				GCC_C_LANGUAGE_STANDARD = gnu99;
				GCC_NO_COMMON_BLOCKS = YES;
				GCC_WARN_64_TO_32_BIT_CONVERSION = YES;
				GCC_WARN_ABOUT_RETURN_TYPE = YES_ERROR;
				GCC_WARN_UNDECLARED_SELECTOR = YES;
				GCC_WARN_UNINITIALIZED_AUTOS = YES_AGGRESSIVE;
				GCC_WARN_UNUSED_FUNCTION = YES;
				GCC_WARN_UNUSED_VARIABLE = YES;
				IPHONEOS_DEPLOYMENT_TARGET = 10.2;
				MTL_ENABLE_DEBUG_INFO = NO;
				SDKROOT = iphoneos;
				SWIFT_OPTIMIZATION_LEVEL = "-Owholemodule";
				TARGETED_DEVICE_FAMILY = "1,2";
				VALIDATE_PRODUCT = YES;
			};
			name = Release;
		};
		4DDFC3FC1E4CFAE400EE36DA /* Debug */ = {
			isa = XCBuildConfiguration;
			buildSettings = {
				ASSETCATALOG_COMPILER_APPICON_NAME = AppIcon;
				INFOPLIST_FILE = GitHubTest/Info.plist;
				LD_RUNPATH_SEARCH_PATHS = "$(inherited) @executable_path/Frameworks";
				PRODUCT_BUNDLE_IDENTIFIER = deopurkar.GitHubTest;
				PRODUCT_NAME = "$(TARGET_NAME)";
				SWIFT_VERSION = 3.0;
			};
			name = Debug;
		};
		4DDFC3FD1E4CFAE400EE36DA /* Release */ = {
			isa = XCBuildConfiguration;
			buildSettings = {
				ASSETCATALOG_COMPILER_APPICON_NAME = AppIcon;
				INFOPLIST_FILE = GitHubTest/Info.plist;
				LD_RUNPATH_SEARCH_PATHS = "$(inherited) @executable_path/Frameworks";
				PRODUCT_BUNDLE_IDENTIFIER = deopurkar.GitHubTest;
				PRODUCT_NAME = "$(TARGET_NAME)";
				SWIFT_VERSION = 3.0;
			};
			name = Release;
		};
/* End XCBuildConfiguration section */

/* Begin XCConfigurationList section */
		4DDFC3E41E4CFAE400EE36DA /* Build configuration list for PBXProject "GitHubTest" */ = {
			isa = XCConfigurationList;
			buildConfigurations = (
				4DDFC3F91E4CFAE400EE36DA /* Debug */,
				4DDFC3FA1E4CFAE400EE36DA /* Release */,
			);
			defaultConfigurationIsVisible = 0;
			defaultConfigurationName = Release;
		};
		4DDFC3FB1E4CFAE400EE36DA /* Build configuration list for PBXNativeTarget "GitHubTest" */ = {
			isa = XCConfigurationList;
			buildConfigurations = (
				4DDFC3FC1E4CFAE400EE36DA /* Debug */,
				4DDFC3FD1E4CFAE400EE36DA /* Release */,
			);
			defaultConfigurationIsVisible = 0;
		};
/* End XCConfigurationList section */
	};
	rootObject = 4DDFC3E11E4CFAE400EE36DA /* Project object */;
}
